{
  "version": 4,
  "terraform_version": "0.12.19",
  "serial": 4,
  "lineage": "4008d8fe-9615-1b6e-ec28-530448d90600",
  "outputs": {
    "cloudflare_record_tfer--A_smarthr-002E-co-002E-jp_a08f27558db15715501cac108ba15423_id": {
      "value": "a08f27558db15715501cac108ba15423",
      "type": "string"
    },
    "cloudflare_record_tfer--A_smarthr-002E-jp_1278c81e13c9ae674dcd04653bbf9c10_id": {
      "value": "1278c81e13c9ae674dcd04653bbf9c10",
      "type": "string"
    },
    "cloudflare_record_tfer--A_smarthr-002E-jp_8023f92aa827a480911618ac77156c9a_id": {
      "value": "8023f92aa827a480911618ac77156c9a",
      "type": "string"
    },
    "cloudflare_record_tfer--A_smarthr-002E-jp_9a341f9986d9898ec50797907ec0b034_id": {
      "value": "9a341f9986d9898ec50797907ec0b034",
      "type": "string"
    },
    "cloudflare_record_tfer--A_staging-002D-smarthr-002D-lp-002E-com_32998fcfa65a02678db2ee4e7a71ffc5_id": {
      "value": "32998fcfa65a02678db2ee4e7a71ffc5",
      "type": "string"
    },
    "cloudflare_record_tfer--A_staging-002D-smarthr-002D-lp-002E-com_86265612f80747e0fc3121dde0380930_id": {
      "value": "86265612f80747e0fc3121dde0380930",
      "type": "string"
    },
    "cloudflare_record_tfer--A_staging-002D-smarthr-002D-lp-002E-com_8d0514c9dc24af27eba0ab5a5412ed5a_id": {
      "value": "8d0514c9dc24af27eba0ab5a5412ed5a",
      "type": "string"
    },
    "cloudflare_record_tfer--A_staging-002D-smarthr-002D-lp-002E-com_d29ed7abae8789cd32ab9aa706eee90b_id": {
      "value": "d29ed7abae8789cd32ab9aa706eee90b",
      "type": "string"
    },
    "cloudflare_record_tfer--CAA_smarthr-002E-jp_29d63c23cb6586af86dcaca8498dde08_id": {
      "value": "29d63c23cb6586af86dcaca8498dde08",
      "type": "string"
    },
    "cloudflare_record_tfer--CNAME_smarthr-002E-co-002E-jp_03fe3a710928507aee413274ac8d4f60_id": {
      "value": "03fe3a710928507aee413274ac8d4f60",
      "type": "string"
    },
    "cloudflare_record_tfer--CNAME_smarthr-002E-co-002E-jp_09d8ff65c8aad95ae6d535c8ca59695f_id": {
      "value": "09d8ff65c8aad95ae6d535c8ca59695f",
      "type": "string"
    },
    "cloudflare_record_tfer--CNAME_smarthr-002E-co-002E-jp_34e353f0ab6b67f5c911e30d64bbc0cf_id": {
      "value": "34e353f0ab6b67f5c911e30d64bbc0cf",
      "type": "string"
    },
    "cloudflare_record_tfer--CNAME_smarthr-002E-co-002E-jp_38ff602b58470bc4230fb4d18a7c014e_id": {
      "value": "38ff602b58470bc4230fb4d18a7c014e",
      "type": "string"
    },
    "cloudflare_record_tfer--CNAME_smarthr-002E-co-002E-jp_aeeed592a77ac39b00bb29666ebcba28_id": {
      "value": "aeeed592a77ac39b00bb29666ebcba28",
      "type": "string"
    },
    "cloudflare_record_tfer--CNAME_smarthr-002E-co-002E-jp_b6a985c8928f0dedd8f179df8c5c0c1b_id": {
      "value": "b6a985c8928f0dedd8f179df8c5c0c1b",
      "type": "string"
    },
    "cloudflare_record_tfer--CNAME_smarthr-002E-co-002E-jp_c2562334270dbe954d77a22283cbad4d_id": {
      "value": "c2562334270dbe954d77a22283cbad4d",
      "type": "string"
    },
    "cloudflare_record_tfer--CNAME_smarthr-002E-co-002E-jp_e30c534d7dbd9c185fb075f05c5cacb1_id": {
      "value": "e30c534d7dbd9c185fb075f05c5cacb1",
      "type": "string"
    },
    "cloudflare_record_tfer--CNAME_smarthr-002E-co-002E-jp_e87780e2c72604d10f8d7ebb054ee75e_id": {
      "value": "e87780e2c72604d10f8d7ebb054ee75e",
      "type": "string"
    },
    "cloudflare_record_tfer--CNAME_smarthr-002E-jp_025f2e1d4ef08d46cddec630a13362f5_id": {
      "value": "025f2e1d4ef08d46cddec630a13362f5",
      "type": "string"
    },
    "cloudflare_record_tfer--CNAME_smarthr-002E-jp_0885b2c01f19ae637acabb0a6f974724_id": {
      "value": "0885b2c01f19ae637acabb0a6f974724",
      "type": "string"
    },
    "cloudflare_record_tfer--CNAME_smarthr-002E-jp_1386dc8a170acb13493cad4562cac822_id": {
      "value": "1386dc8a170acb13493cad4562cac822",
      "type": "string"
    },
    "cloudflare_record_tfer--CNAME_smarthr-002E-jp_141e5b2db3d25452b92f0279a49e22d5_id": {
      "value": "141e5b2db3d25452b92f0279a49e22d5",
      "type": "string"
    },
    "cloudflare_record_tfer--CNAME_smarthr-002E-jp_1679b67b796f8b5536824e0c1c66032a_id": {
      "value": "1679b67b796f8b5536824e0c1c66032a",
      "type": "string"
    },
    "cloudflare_record_tfer--CNAME_smarthr-002E-jp_31a7f6a091bef57135e319692cfc2685_id": {
      "value": "31a7f6a091bef57135e319692cfc2685",
      "type": "string"
    },
    "cloudflare_record_tfer--CNAME_smarthr-002E-jp_443b540b7db309c86d2ce1a444a16c80_id": {
      "value": "443b540b7db309c86d2ce1a444a16c80",
      "type": "string"
    },
    "cloudflare_record_tfer--CNAME_smarthr-002E-jp_862b536aaf1cfeff0e23e6eefafe7cdb_id": {
      "value": "862b536aaf1cfeff0e23e6eefafe7cdb",
      "type": "string"
    },
    "cloudflare_record_tfer--CNAME_smarthr-002E-jp_95df383104f4b6647cb17bdd455e3124_id": {
      "value": "95df383104f4b6647cb17bdd455e3124",
      "type": "string"
    },
    "cloudflare_record_tfer--CNAME_smarthr-002E-jp_a4a50f6669eeb155d8cd34d4352a07bf_id": {
      "value": "a4a50f6669eeb155d8cd34d4352a07bf",
      "type": "string"
    },
    "cloudflare_record_tfer--CNAME_smarthr-002E-jp_b1ca2d0f7e38ad5c2ea11a1a5ba3d38d_id": {
      "value": "b1ca2d0f7e38ad5c2ea11a1a5ba3d38d",
      "type": "string"
    },
    "cloudflare_record_tfer--CNAME_smarthr-002E-jp_bc4fcae0833e107875e07af818906b17_id": {
      "value": "bc4fcae0833e107875e07af818906b17",
      "type": "string"
    },
    "cloudflare_record_tfer--CNAME_smarthr-002E-jp_c40a9583d0080213e698a0fd77a0b1a0_id": {
      "value": "c40a9583d0080213e698a0fd77a0b1a0",
      "type": "string"
    },
    "cloudflare_record_tfer--CNAME_smarthr-002E-jp_d5efdf949d772dfc54738f7f2fb1522e_id": {
      "value": "d5efdf949d772dfc54738f7f2fb1522e",
      "type": "string"
    },
    "cloudflare_record_tfer--CNAME_smarthr-002E-jp_d7195053af3363e5ac2f244ec18c067f_id": {
      "value": "d7195053af3363e5ac2f244ec18c067f",
      "type": "string"
    },
    "cloudflare_record_tfer--CNAME_smarthr-002E-jp_e303c7c59eee97eca4f8c5c720398cc5_id": {
      "value": "e303c7c59eee97eca4f8c5c720398cc5",
      "type": "string"
    },
    "cloudflare_record_tfer--CNAME_smarthr-002E-jp_f06ff6c65cfcf8166ab78d7cae0c8b4a_id": {
      "value": "f06ff6c65cfcf8166ab78d7cae0c8b4a",
      "type": "string"
    },
    "cloudflare_record_tfer--CNAME_smarthr-002E-jp_fc48c42f8b124c7bf9eb59df1783cd7c_id": {
      "value": "fc48c42f8b124c7bf9eb59df1783cd7c",
      "type": "string"
    },
    "cloudflare_record_tfer--MX_smarthr-002E-co-002E-jp_03aa69201dfbeafadf039519977369bf_id": {
      "value": "03aa69201dfbeafadf039519977369bf",
      "type": "string"
    },
    "cloudflare_record_tfer--MX_smarthr-002E-co-002E-jp_1258e07c7679cb9c062a641d26b56fbe_id": {
      "value": "1258e07c7679cb9c062a641d26b56fbe",
      "type": "string"
    },
    "cloudflare_record_tfer--MX_smarthr-002E-co-002E-jp_71fac2cb8a6662db8fdce47d2de7ac64_id": {
      "value": "71fac2cb8a6662db8fdce47d2de7ac64",
      "type": "string"
    },
    "cloudflare_record_tfer--MX_smarthr-002E-co-002E-jp_7d9762cb60d6a389556745e0b02bbc1d_id": {
      "value": "7d9762cb60d6a389556745e0b02bbc1d",
      "type": "string"
    },
    "cloudflare_record_tfer--MX_smarthr-002E-co-002E-jp_a39c27dff54a88a0427cd09c880396fb_id": {
      "value": "a39c27dff54a88a0427cd09c880396fb",
      "type": "string"
    },
    "cloudflare_record_tfer--MX_smarthr-002E-jp_1d2ac66e8292f102eebff57d520ff143_id": {
      "value": "1d2ac66e8292f102eebff57d520ff143",
      "type": "string"
    },
    "cloudflare_record_tfer--MX_smarthr-002E-jp_24ae5d0ba40d385cc8ce8cb40f9ce54e_id": {
      "value": "24ae5d0ba40d385cc8ce8cb40f9ce54e",
      "type": "string"
    },
    "cloudflare_record_tfer--MX_smarthr-002E-jp_2f87bfad05062e55f0bbec027dfba381_id": {
      "value": "2f87bfad05062e55f0bbec027dfba381",
      "type": "string"
    },
    "cloudflare_record_tfer--MX_smarthr-002E-jp_48ff175c987278ef929c0090c2025ed4_id": {
      "value": "48ff175c987278ef929c0090c2025ed4",
      "type": "string"
    },
    "cloudflare_record_tfer--MX_smarthr-002E-jp_546f48ef7461bbb51fbff6e6e0c05b42_id": {
      "value": "546f48ef7461bbb51fbff6e6e0c05b42",
      "type": "string"
    },
    "cloudflare_record_tfer--MX_smarthr-002E-jp_a7ddeff62cf8f84df7a9e327de9b5325_id": {
      "value": "a7ddeff62cf8f84df7a9e327de9b5325",
      "type": "string"
    },
    "cloudflare_record_tfer--MX_smarthr-002E-jp_d8525de4351afb954d85003c64d5bd7f_id": {
      "value": "d8525de4351afb954d85003c64d5bd7f",
      "type": "string"
    },
    "cloudflare_record_tfer--SRV_smarthr-002E-co-002E-jp_745d2bfacb3e2992b550ec7ed0fdafca_id": {
      "value": "745d2bfacb3e2992b550ec7ed0fdafca",
      "type": "string"
    },
    "cloudflare_record_tfer--SRV_smarthr-002E-co-002E-jp_f0d435d7aab2dbb0a75a0479fdd2323c_id": {
      "value": "f0d435d7aab2dbb0a75a0479fdd2323c",
      "type": "string"
    },
    "cloudflare_record_tfer--TXT_smarthr-002E-co-002E-jp_3534e99368aa2718d56ca8bd5c1684a0_id": {
      "value": "3534e99368aa2718d56ca8bd5c1684a0",
      "type": "string"
    },
    "cloudflare_record_tfer--TXT_smarthr-002E-co-002E-jp_3b8c02160c5806c3e7b514e0ffa793ef_id": {
      "value": "3b8c02160c5806c3e7b514e0ffa793ef",
      "type": "string"
    },
    "cloudflare_record_tfer--TXT_smarthr-002E-co-002E-jp_51bb987b84bdcdaf3a28f00a97211c83_id": {
      "value": "51bb987b84bdcdaf3a28f00a97211c83",
      "type": "string"
    },
    "cloudflare_record_tfer--TXT_smarthr-002E-co-002E-jp_591a1ac1704a07c29571fdfa6a5ab7a0_id": {
      "value": "591a1ac1704a07c29571fdfa6a5ab7a0",
      "type": "string"
    },
    "cloudflare_record_tfer--TXT_smarthr-002E-co-002E-jp_6baf82ab757d4e55b19ab6a34a9915f2_id": {
      "value": "6baf82ab757d4e55b19ab6a34a9915f2",
      "type": "string"
    },
    "cloudflare_record_tfer--TXT_smarthr-002E-co-002E-jp_6e9eff13ae02f18a9d81e5db3c6bbb29_id": {
      "value": "6e9eff13ae02f18a9d81e5db3c6bbb29",
      "type": "string"
    },
    "cloudflare_record_tfer--TXT_smarthr-002E-co-002E-jp_7de52bbc2d94b5cbd74234f33e7c4d2c_id": {
      "value": "7de52bbc2d94b5cbd74234f33e7c4d2c",
      "type": "string"
    },
    "cloudflare_record_tfer--TXT_smarthr-002E-co-002E-jp_85acc24792b028e08fb0550e7cc48e0e_id": {
      "value": "85acc24792b028e08fb0550e7cc48e0e",
      "type": "string"
    },
    "cloudflare_record_tfer--TXT_smarthr-002E-jp_126809a38cf7fdbcb6229e000f99845f_id": {
      "value": "126809a38cf7fdbcb6229e000f99845f",
      "type": "string"
    },
    "cloudflare_record_tfer--TXT_smarthr-002E-jp_89188fdcf7927334e0e1fbe50d96d6be_id": {
      "value": "89188fdcf7927334e0e1fbe50d96d6be",
      "type": "string"
    },
    "cloudflare_record_tfer--TXT_smarthr-002E-jp_c3b37bc9970f7a343a3b244baee6553b_id": {
      "value": "c3b37bc9970f7a343a3b244baee6553b",
      "type": "string"
    },
    "cloudflare_zone_tfer--smarthr-002E-co-002E-jp_id": {
      "value": "a930f988bc780d3f9aa71c778da98d00",
      "type": "string"
    },
    "cloudflare_zone_tfer--smarthr-002E-jp_id": {
      "value": "84e0a4b3e2c4524d58f3c86efa49eaa2",
      "type": "string"
    },
    "cloudflare_zone_tfer--staging-002D-smarthr-002D-lp-002E-com_id": {
      "value": "bad08f44168e5eb55cf960d1757f2fa0",
      "type": "string"
    }
  },
  "resources": [
    {
      "mode": "managed",
      "type": "cloudflare_record",
      "name": "TXT-_dmarc_smarthr_co_jp",
      "provider": "provider.cloudflare",
      "instances": [
        {
          "schema_version": 1,
          "attributes": {
            "created_on": "2020-01-21T02:30:07.733605Z",
            "data": {},
            "domain": "smarthr.co.jp",
            "hostname": "_dmarc.smarthr.co.jp",
            "id": "e7dd1975d1ba5634d87097b68ef7dc0c",
            "metadata": {
              "auto_added": "false",
              "managed_by_apps": "false",
              "managed_by_argo_tunnel": "false",
              "source": "primary"
            },
            "modified_on": "2020-01-21T02:30:07.733605Z",
            "name": "_dmarc",
            "priority": 0,
            "proxiable": false,
            "proxied": false,
            "ttl": 1,
            "type": "TXT",
            "value": "v=DMARC1; p=none; rua=mailto:dmarc-report@smarthr.co.jp; ruf=mailto:dmarc-report@smarthr.co.jp",
            "zone_id": "a930f988bc780d3f9aa71c778da98d00"
          },
          "private": "eyJzY2hlbWFfdmVyc2lvbiI6IjEifQ=="
        }
      ]
    },
    {
      "mode": "managed",
      "type": "cloudflare_record",
      "name": "tfer--A_smarthr-002E-co-002E-jp_a08f27558db15715501cac108ba15423",
      "provider": "provider.cloudflare",
      "instances": [
        {
          "schema_version": 0,
          "attributes_flat": {
            "created_on": "2019-04-28T05:58:01.480695Z",
            "data.%": "0",
            "domain": "smarthr.co.jp",
            "hostname": "shanaiho.smarthr.co.jp",
            "id": "a08f27558db15715501cac108ba15423",
            "metadata.%": "3",
            "metadata.auto_added": "false",
            "metadata.managed_by_apps": "false",
            "metadata.managed_by_argo_tunnel": "false",
            "modified_on": "2019-04-28T05:58:01.480695Z",
            "name": "shanaiho.smarthr.co.jp",
            "priority": "0",
            "proxiable": "true",
            "proxied": "false",
            "ttl": "1",
            "type": "A",
            "value": "52.199.100.148",
            "zone_id": "a930f988bc780d3f9aa71c778da98d00"
          }
        }
      ]
    },
    {
      "mode": "managed",
      "type": "cloudflare_record",
      "name": "tfer--A_smarthr-002E-jp_1278c81e13c9ae674dcd04653bbf9c10",
      "provider": "provider.cloudflare",
      "instances": [
        {
          "schema_version": 0,
          "attributes_flat": {
            "created_on": "2019-10-02T08:16:59.512227Z",
            "data.%": "0",
            "domain": "smarthr.jp",
            "hostname": "mag.smarthr.jp",
            "id": "1278c81e13c9ae674dcd04653bbf9c10",
            "metadata.%": "3",
            "metadata.auto_added": "false",
            "metadata.managed_by_apps": "false",
            "metadata.managed_by_argo_tunnel": "false",
            "modified_on": "2019-10-02T08:16:59.512227Z",
            "name": "mag.smarthr.jp",
            "priority": "0",
            "proxiable": "true",
            "proxied": "true",
            "ttl": "1",
            "type": "A",
            "value": "150.95.225.254",
            "zone_id": "84e0a4b3e2c4524d58f3c86efa49eaa2"
          }
        }
      ]
    },
    {
      "mode": "managed",
      "type": "cloudflare_record",
      "name": "tfer--A_smarthr-002E-jp_8023f92aa827a480911618ac77156c9a",
      "provider": "provider.cloudflare",
      "instances": [
        {
          "schema_version": 0,
          "attributes_flat": {
            "created_on": "2019-10-24T06:57:35.446305Z",
            "data.%": "0",
            "domain": "smarthr.jp",
            "hostname": "smarthr.jp",
            "id": "8023f92aa827a480911618ac77156c9a",
            "metadata.%": "3",
            "metadata.auto_added": "false",
            "metadata.managed_by_apps": "false",
            "metadata.managed_by_argo_tunnel": "false",
            "modified_on": "2019-10-24T06:57:35.446305Z",
            "name": "smarthr.jp",
            "priority": "0",
            "proxiable": "true",
            "proxied": "true",
            "ttl": "1",
            "type": "A",
            "value": "133.130.16.158",
            "zone_id": "84e0a4b3e2c4524d58f3c86efa49eaa2"
          }
        }
      ]
    },
    {
      "mode": "managed",
      "type": "cloudflare_record",
      "name": "tfer--A_smarthr-002E-jp_9a341f9986d9898ec50797907ec0b034",
      "provider": "provider.cloudflare",
      "instances": [
        {
          "schema_version": 0,
          "attributes_flat": {
            "created_on": "2019-03-08T11:34:53.304151Z",
            "data.%": "0",
            "domain": "smarthr.jp",
            "hostname": "o1.sg.smarthr.jp",
            "id": "9a341f9986d9898ec50797907ec0b034",
            "metadata.%": "3",
            "metadata.auto_added": "false",
            "metadata.managed_by_apps": "false",
            "metadata.managed_by_argo_tunnel": "false",
            "modified_on": "2019-03-08T11:34:53.304151Z",
            "name": "o1.sg.smarthr.jp",
            "priority": "0",
            "proxiable": "true",
            "proxied": "false",
            "ttl": "1",
            "type": "A",
            "value": "168.245.113.131",
            "zone_id": "84e0a4b3e2c4524d58f3c86efa49eaa2"
          }
        }
      ]
    },
    {
      "mode": "managed",
      "type": "cloudflare_record",
      "name": "tfer--A_staging-002D-smarthr-002D-lp-002E-com_32998fcfa65a02678db2ee4e7a71ffc5",
      "provider": "provider.cloudflare",
      "instances": [
        {
          "schema_version": 0,
          "attributes_flat": {
            "created_on": "2019-03-06T09:34:48.621958Z",
            "data.%": "0",
            "domain": "staging-smarthr-lp.com",
            "hostname": "renewal201904.staging-smarthr-lp.com",
            "id": "32998fcfa65a02678db2ee4e7a71ffc5",
            "metadata.%": "3",
            "metadata.auto_added": "false",
            "metadata.managed_by_apps": "false",
            "metadata.managed_by_argo_tunnel": "false",
            "modified_on": "2019-03-06T09:34:48.621958Z",
            "name": "renewal201904.staging-smarthr-lp.com",
            "priority": "0",
            "proxiable": "true",
            "proxied": "true",
            "ttl": "1",
            "type": "A",
            "value": "157.7.188.212",
            "zone_id": "bad08f44168e5eb55cf960d1757f2fa0"
          }
        }
      ]
    },
    {
      "mode": "managed",
      "type": "cloudflare_record",
      "name": "tfer--A_staging-002D-smarthr-002D-lp-002E-com_86265612f80747e0fc3121dde0380930",
      "provider": "provider.cloudflare",
      "instances": [
        {
          "schema_version": 0,
          "attributes_flat": {
            "created_on": "2019-03-06T09:34:50.644105Z",
            "data.%": "0",
            "domain": "staging-smarthr-lp.com",
            "hostname": "corporate.staging-smarthr-lp.com",
            "id": "86265612f80747e0fc3121dde0380930",
            "metadata.%": "3",
            "metadata.auto_added": "false",
            "metadata.managed_by_apps": "false",
            "metadata.managed_by_argo_tunnel": "false",
            "modified_on": "2019-03-06T09:34:50.644105Z",
            "name": "corporate.staging-smarthr-lp.com",
            "priority": "0",
            "proxiable": "true",
            "proxied": "true",
            "ttl": "1",
            "type": "A",
            "value": "157.7.188.212",
            "zone_id": "bad08f44168e5eb55cf960d1757f2fa0"
          }
        }
      ]
    },
    {
      "mode": "managed",
      "type": "cloudflare_record",
      "name": "tfer--A_staging-002D-smarthr-002D-lp-002E-com_8d0514c9dc24af27eba0ab5a5412ed5a",
      "provider": "provider.cloudflare",
      "instances": [
        {
          "schema_version": 0,
          "attributes_flat": {
            "created_on": "2019-03-06T09:34:29.624496Z",
            "data.%": "0",
            "domain": "staging-smarthr-lp.com",
            "hostname": "staging-smarthr-lp.com",
            "id": "8d0514c9dc24af27eba0ab5a5412ed5a",
            "metadata.%": "3",
            "metadata.auto_added": "true",
            "metadata.managed_by_apps": "false",
            "metadata.managed_by_argo_tunnel": "false",
            "modified_on": "2019-03-06T09:34:29.624496Z",
            "name": "staging-smarthr-lp.com",
            "priority": "0",
            "proxiable": "true",
            "proxied": "true",
            "ttl": "1",
            "type": "A",
            "value": "157.7.188.212",
            "zone_id": "bad08f44168e5eb55cf960d1757f2fa0"
          }
        }
      ]
    },
    {
      "mode": "managed",
      "type": "cloudflare_record",
      "name": "tfer--A_staging-002D-smarthr-002D-lp-002E-com_d29ed7abae8789cd32ab9aa706eee90b",
      "provider": "provider.cloudflare",
      "instances": [
        {
          "schema_version": 0,
          "attributes_flat": {
            "created_on": "2019-03-06T09:34:49.626383Z",
            "data.%": "0",
            "domain": "staging-smarthr-lp.com",
            "hostname": "mag.staging-smarthr-lp.com",
            "id": "d29ed7abae8789cd32ab9aa706eee90b",
            "metadata.%": "3",
            "metadata.auto_added": "false",
            "metadata.managed_by_apps": "false",
            "metadata.managed_by_argo_tunnel": "false",
            "modified_on": "2019-03-06T09:34:49.626383Z",
            "name": "mag.staging-smarthr-lp.com",
            "priority": "0",
            "proxiable": "true",
            "proxied": "true",
            "ttl": "1",
            "type": "A",
            "value": "157.7.188.212",
            "zone_id": "bad08f44168e5eb55cf960d1757f2fa0"
          }
        }
      ]
    },
    {
      "mode": "managed",
      "type": "cloudflare_record",
      "name": "tfer--CAA_smarthr-002E-jp_29d63c23cb6586af86dcaca8498dde08",
      "provider": "provider.cloudflare",
      "instances": [
        {
          "schema_version": 0,
          "attributes_flat": {
            "created_on": "2019-03-08T12:03:00.412173Z",
            "data.%": "3",
            "data.flags": "0",
            "data.tag": "issuewild",
            "data.value": "amazon.com",
            "domain": "smarthr.jp",
            "hostname": "*.smarthr.jp",
            "id": "29d63c23cb6586af86dcaca8498dde08",
            "metadata.%": "3",
            "metadata.auto_added": "false",
            "metadata.managed_by_apps": "false",
            "metadata.managed_by_argo_tunnel": "false",
            "modified_on": "2019-03-08T12:03:00.412173Z",
            "name": "*.smarthr.jp",
            "priority": "0",
            "proxiable": "false",
            "proxied": "false",
            "ttl": "1",
            "type": "CAA",
            "zone_id": "84e0a4b3e2c4524d58f3c86efa49eaa2"
          }
        }
      ]
    },
    {
      "mode": "managed",
      "type": "cloudflare_record",
      "name": "tfer--CNAME_smarthr-002E-co-002E-jp_03fe3a710928507aee413274ac8d4f60",
      "provider": "provider.cloudflare",
      "instances": [
        {
          "schema_version": 0,
          "attributes_flat": {
            "created_on": "2019-10-28T07:38:38.690264Z",
            "data.%": "0",
            "domain": "smarthr.co.jp",
            "hostname": "_0514a1d61a6a47afa59bf47f4d99a06c.smarthr.co.jp",
            "id": "03fe3a710928507aee413274ac8d4f60",
            "metadata.%": "3",
            "metadata.auto_added": "false",
            "metadata.managed_by_apps": "false",
            "metadata.managed_by_argo_tunnel": "false",
            "modified_on": "2019-10-28T07:38:38.690264Z",
            "name": "_0514a1d61a6a47afa59bf47f4d99a06c.smarthr.co.jp",
            "priority": "0",
            "proxiable": "true",
            "proxied": "false",
            "ttl": "120",
            "type": "CNAME",
            "value": "_a0b0a7a3596e84a1a93944ade5a7fcaa.kirrbxfjtw.acm-validations.aws",
            "zone_id": "a930f988bc780d3f9aa71c778da98d00"
          }
        }
      ]
    },
    {
      "mode": "managed",
      "type": "cloudflare_record",
      "name": "tfer--CNAME_smarthr-002E-co-002E-jp_09d8ff65c8aad95ae6d535c8ca59695f",
      "provider": "provider.cloudflare",
      "instances": [
        {
          "schema_version": 0,
          "attributes_flat": {
            "created_on": "2019-08-22T04:44:44.877496Z",
            "data.%": "0",
            "domain": "smarthr.co.jp",
            "hostname": "zendesk3.smarthr.co.jp",
            "id": "09d8ff65c8aad95ae6d535c8ca59695f",
            "metadata.%": "3",
            "metadata.auto_added": "false",
            "metadata.managed_by_apps": "false",
            "metadata.managed_by_argo_tunnel": "false",
            "modified_on": "2019-08-22T04:44:44.877496Z",
            "name": "zendesk3.smarthr.co.jp",
            "priority": "0",
            "proxiable": "true",
            "proxied": "false",
            "ttl": "1",
            "type": "CNAME",
            "value": "mail3.zendesk.com",
            "zone_id": "a930f988bc780d3f9aa71c778da98d00"
          }
        }
      ]
    },
    {
      "mode": "managed",
      "type": "cloudflare_record",
      "name": "tfer--CNAME_smarthr-002E-co-002E-jp_34e353f0ab6b67f5c911e30d64bbc0cf",
      "provider": "provider.cloudflare",
      "instances": [
        {
          "schema_version": 0,
          "attributes_flat": {
            "created_on": "2019-08-22T04:44:45.623187Z",
            "data.%": "0",
            "domain": "smarthr.co.jp",
            "hostname": "zendesk4.smarthr.co.jp",
            "id": "34e353f0ab6b67f5c911e30d64bbc0cf",
            "metadata.%": "3",
            "metadata.auto_added": "false",
            "metadata.managed_by_apps": "false",
            "metadata.managed_by_argo_tunnel": "false",
            "modified_on": "2019-08-22T04:44:45.623187Z",
            "name": "zendesk4.smarthr.co.jp",
            "priority": "0",
            "proxiable": "true",
            "proxied": "false",
            "ttl": "1",
            "type": "CNAME",
            "value": "mail4.zendesk.com",
            "zone_id": "a930f988bc780d3f9aa71c778da98d00"
          }
        }
      ]
    },
    {
      "mode": "managed",
      "type": "cloudflare_record",
      "name": "tfer--CNAME_smarthr-002E-co-002E-jp_38ff602b58470bc4230fb4d18a7c014e",
      "provider": "provider.cloudflare",
      "instances": [
        {
          "schema_version": 0,
          "attributes_flat": {
            "created_on": "2019-09-25T06:05:32.736341Z",
            "data.%": "0",
            "domain": "smarthr.co.jp",
            "hostname": "lyncdiscover.smarthr.co.jp",
            "id": "38ff602b58470bc4230fb4d18a7c014e",
            "metadata.%": "3",
            "metadata.auto_added": "false",
            "metadata.managed_by_apps": "false",
            "metadata.managed_by_argo_tunnel": "false",
            "modified_on": "2019-09-25T06:05:32.736341Z",
            "name": "lyncdiscover.smarthr.co.jp",
            "priority": "0",
            "proxiable": "true",
            "proxied": "false",
            "ttl": "3600",
            "type": "CNAME",
            "value": "webdir.online.lync.com",
            "zone_id": "a930f988bc780d3f9aa71c778da98d00"
          }
        }
      ]
    },
    {
      "mode": "managed",
      "type": "cloudflare_record",
      "name": "tfer--CNAME_smarthr-002E-co-002E-jp_aeeed592a77ac39b00bb29666ebcba28",
      "provider": "provider.cloudflare",
      "instances": [
        {
          "schema_version": 0,
          "attributes_flat": {
            "created_on": "2019-08-22T04:44:44.047979Z",
            "data.%": "0",
            "domain": "smarthr.co.jp",
            "hostname": "zendesk2.smarthr.co.jp",
            "id": "aeeed592a77ac39b00bb29666ebcba28",
            "metadata.%": "3",
            "metadata.auto_added": "false",
            "metadata.managed_by_apps": "false",
            "metadata.managed_by_argo_tunnel": "false",
            "modified_on": "2019-08-22T04:44:44.047979Z",
            "name": "zendesk2.smarthr.co.jp",
            "priority": "0",
            "proxiable": "true",
            "proxied": "false",
            "ttl": "1",
            "type": "CNAME",
            "value": "mail2.zendesk.com",
            "zone_id": "a930f988bc780d3f9aa71c778da98d00"
          }
        }
      ]
    },
    {
      "mode": "managed",
      "type": "cloudflare_record",
      "name": "tfer--CNAME_smarthr-002E-co-002E-jp_b6a985c8928f0dedd8f179df8c5c0c1b",
      "provider": "provider.cloudflare",
      "instances": [
        {
          "schema_version": 0,
          "attributes_flat": {
            "created_on": "2019-10-28T08:01:10.639525Z",
            "data.%": "0",
            "domain": "smarthr.co.jp",
            "hostname": "smarthr.co.jp",
            "id": "b6a985c8928f0dedd8f179df8c5c0c1b",
            "metadata.%": "3",
            "metadata.auto_added": "false",
            "metadata.managed_by_apps": "false",
            "metadata.managed_by_argo_tunnel": "false",
            "modified_on": "2019-10-28T08:01:10.639525Z",
            "name": "smarthr.co.jp",
            "priority": "0",
            "proxiable": "true",
            "proxied": "false",
            "ttl": "1",
            "type": "CNAME",
            "value": "mad-mestorf4205.on.getshifter.io",
            "zone_id": "a930f988bc780d3f9aa71c778da98d00"
          }
        }
      ]
    },
    {
      "mode": "managed",
      "type": "cloudflare_record",
      "name": "tfer--CNAME_smarthr-002E-co-002E-jp_c2562334270dbe954d77a22283cbad4d",
      "provider": "provider.cloudflare",
      "instances": [
        {
          "schema_version": 0,
          "attributes_flat": {
            "created_on": "2019-04-28T05:58:57.740939Z",
            "data.%": "0",
            "domain": "smarthr.co.jp",
            "hostname": "ue3v7tkoinyk.smarthr.co.jp",
            "id": "c2562334270dbe954d77a22283cbad4d",
            "metadata.%": "3",
            "metadata.auto_added": "false",
            "metadata.managed_by_apps": "false",
            "metadata.managed_by_argo_tunnel": "false",
            "modified_on": "2019-04-28T05:58:57.740939Z",
            "name": "ue3v7tkoinyk.smarthr.co.jp",
            "priority": "0",
            "proxiable": "true",
            "proxied": "false",
            "ttl": "1",
            "type": "CNAME",
            "value": "gv-mgv2n6yufi5kt7.dv.googlehosted.com",
            "zone_id": "a930f988bc780d3f9aa71c778da98d00"
          }
        }
      ]
    },
    {
      "mode": "managed",
      "type": "cloudflare_record",
      "name": "tfer--CNAME_smarthr-002E-co-002E-jp_e30c534d7dbd9c185fb075f05c5cacb1",
      "provider": "provider.cloudflare",
      "instances": [
        {
          "schema_version": 0,
          "attributes_flat": {
            "created_on": "2019-09-25T06:05:39.577314Z",
            "data.%": "0",
            "domain": "smarthr.co.jp",
            "hostname": "sip.smarthr.co.jp",
            "id": "e30c534d7dbd9c185fb075f05c5cacb1",
            "metadata.%": "3",
            "metadata.auto_added": "false",
            "metadata.managed_by_apps": "false",
            "metadata.managed_by_argo_tunnel": "false",
            "modified_on": "2019-09-25T06:05:39.577314Z",
            "name": "sip.smarthr.co.jp",
            "priority": "0",
            "proxiable": "true",
            "proxied": "false",
            "ttl": "3600",
            "type": "CNAME",
            "value": "sipdir.online.lync.com",
            "zone_id": "a930f988bc780d3f9aa71c778da98d00"
          }
        }
      ]
    },
    {
      "mode": "managed",
      "type": "cloudflare_record",
      "name": "tfer--CNAME_smarthr-002E-co-002E-jp_e87780e2c72604d10f8d7ebb054ee75e",
      "provider": "provider.cloudflare",
      "instances": [
        {
          "schema_version": 0,
          "attributes_flat": {
            "created_on": "2019-08-22T04:44:40.8852Z",
            "data.%": "0",
            "domain": "smarthr.co.jp",
            "hostname": "zendesk1.smarthr.co.jp",
            "id": "e87780e2c72604d10f8d7ebb054ee75e",
            "metadata.%": "3",
            "metadata.auto_added": "false",
            "metadata.managed_by_apps": "false",
            "metadata.managed_by_argo_tunnel": "false",
            "modified_on": "2019-08-22T04:44:40.8852Z",
            "name": "zendesk1.smarthr.co.jp",
            "priority": "0",
            "proxiable": "true",
            "proxied": "false",
            "ttl": "1",
            "type": "CNAME",
            "value": "mail1.zendesk.com",
            "zone_id": "a930f988bc780d3f9aa71c778da98d00"
          }
        }
      ]
    },
    {
      "mode": "managed",
      "type": "cloudflare_record",
      "name": "tfer--CNAME_smarthr-002E-jp_025f2e1d4ef08d46cddec630a13362f5",
      "provider": "provider.cloudflare",
      "instances": [
        {
          "schema_version": 0,
          "attributes_flat": {
            "created_on": "2019-03-08T11:34:47.218466Z",
            "data.%": "0",
            "domain": "smarthr.jp",
            "hostname": "success.smarthr.jp",
            "id": "025f2e1d4ef08d46cddec630a13362f5",
            "metadata.%": "3",
            "metadata.auto_added": "false",
            "metadata.managed_by_apps": "false",
            "metadata.managed_by_argo_tunnel": "false",
            "modified_on": "2019-03-08T11:34:47.218466Z",
            "name": "success.smarthr.jp",
            "priority": "0",
            "proxiable": "true",
            "proxied": "false",
            "ttl": "1",
            "type": "CNAME",
            "value": "mkto-ab220095.com",
            "zone_id": "84e0a4b3e2c4524d58f3c86efa49eaa2"
          }
        }
      ]
    },
    {
      "mode": "managed",
      "type": "cloudflare_record",
      "name": "tfer--CNAME_smarthr-002E-jp_0885b2c01f19ae637acabb0a6f974724",
      "provider": "provider.cloudflare",
      "instances": [
        {
          "schema_version": 0,
          "attributes_flat": {
            "created_on": "2019-03-08T11:34:58.463037Z",
            "data.%": "0",
            "domain": "smarthr.jp",
            "hostname": "*.event.smarthr.jp",
            "id": "0885b2c01f19ae637acabb0a6f974724",
            "metadata.%": "3",
            "metadata.auto_added": "false",
            "metadata.managed_by_apps": "false",
            "metadata.managed_by_argo_tunnel": "false",
            "modified_on": "2019-03-08T11:34:58.463037Z",
            "name": "*.event.smarthr.jp",
            "priority": "0",
            "proxiable": "false",
            "proxied": "false",
            "ttl": "1",
            "type": "CNAME",
            "value": "secure.pageserve.co",
            "zone_id": "84e0a4b3e2c4524d58f3c86efa49eaa2"
          }
        }
      ]
    },
    {
      "mode": "managed",
      "type": "cloudflare_record",
      "name": "tfer--CNAME_smarthr-002E-jp_1386dc8a170acb13493cad4562cac822",
      "provider": "provider.cloudflare",
      "instances": [
        {
          "schema_version": 0,
          "attributes_flat": {
            "created_on": "2019-03-08T11:34:48.393713Z",
            "data.%": "0",
            "domain": "smarthr.jp",
            "hostname": "email.cs.smarthr.jp",
            "id": "1386dc8a170acb13493cad4562cac822",
            "metadata.%": "3",
            "metadata.auto_added": "false",
            "metadata.managed_by_apps": "false",
            "metadata.managed_by_argo_tunnel": "false",
            "modified_on": "2019-03-08T11:34:48.393713Z",
            "name": "email.cs.smarthr.jp",
            "priority": "0",
            "proxiable": "true",
            "proxied": "false",
            "ttl": "1",
            "type": "CNAME",
            "value": "mailgun.org",
            "zone_id": "84e0a4b3e2c4524d58f3c86efa49eaa2"
          }
        }
      ]
    },
    {
      "mode": "managed",
      "type": "cloudflare_record",
      "name": "tfer--CNAME_smarthr-002E-jp_141e5b2db3d25452b92f0279a49e22d5",
      "provider": "provider.cloudflare",
      "instances": [
        {
          "schema_version": 0,
          "attributes_flat": {
            "created_on": "2019-03-08T11:34:54.520523Z",
            "data.%": "0",
            "domain": "smarthr.jp",
            "hostname": "soroban.smarthr.jp",
            "id": "141e5b2db3d25452b92f0279a49e22d5",
            "metadata.%": "3",
            "metadata.auto_added": "false",
            "metadata.managed_by_apps": "false",
            "metadata.managed_by_argo_tunnel": "false",
            "modified_on": "2019-03-08T11:34:54.520523Z",
            "name": "soroban.smarthr.jp",
            "priority": "0",
            "proxiable": "true",
            "proxied": "false",
            "ttl": "1",
            "type": "CNAME",
            "value": "current-stork-hckh3bq5y8phnn9nraugmy4g.herokudns.com",
            "zone_id": "84e0a4b3e2c4524d58f3c86efa49eaa2"
          }
        }
      ]
    },
    {
      "mode": "managed",
      "type": "cloudflare_record",
      "name": "tfer--CNAME_smarthr-002E-jp_1679b67b796f8b5536824e0c1c66032a",
      "provider": "provider.cloudflare",
      "instances": [
        {
          "schema_version": 0,
          "attributes_flat": {
            "created_on": "2019-03-08T11:34:58.842359Z",
            "data.%": "0",
            "domain": "smarthr.jp",
            "hostname": "0e2ec3229d46ff2dbc9d2240f2cc8b44.smarthr.jp",
            "id": "1679b67b796f8b5536824e0c1c66032a",
            "metadata.%": "3",
            "metadata.auto_added": "false",
            "metadata.managed_by_apps": "false",
            "metadata.managed_by_argo_tunnel": "false",
            "modified_on": "2019-03-08T11:34:58.842359Z",
            "name": "0e2ec3229d46ff2dbc9d2240f2cc8b44.smarthr.jp",
            "priority": "0",
            "proxiable": "true",
            "proxied": "false",
            "ttl": "1",
            "type": "CNAME",
            "value": "verify.bing.com",
            "zone_id": "84e0a4b3e2c4524d58f3c86efa49eaa2"
          }
        }
      ]
    },
    {
      "mode": "managed",
      "type": "cloudflare_record",
      "name": "tfer--CNAME_smarthr-002E-jp_31a7f6a091bef57135e319692cfc2685",
      "provider": "provider.cloudflare",
      "instances": [
        {
          "schema_version": 0,
          "attributes_flat": {
            "created_on": "2019-03-08T11:34:46.315609Z",
            "data.%": "0",
            "domain": "smarthr.jp",
            "hostname": "tech.smarthr.jp",
            "id": "31a7f6a091bef57135e319692cfc2685",
            "metadata.%": "3",
            "metadata.auto_added": "false",
            "metadata.managed_by_apps": "false",
            "metadata.managed_by_argo_tunnel": "false",
            "modified_on": "2019-03-08T11:34:46.315609Z",
            "name": "tech.smarthr.jp",
            "priority": "0",
            "proxiable": "true",
            "proxied": "false",
            "ttl": "1",
            "type": "CNAME",
            "value": "hatenablog.com",
            "zone_id": "84e0a4b3e2c4524d58f3c86efa49eaa2"
          }
        }
      ]
    },
    {
      "mode": "managed",
      "type": "cloudflare_record",
      "name": "tfer--CNAME_smarthr-002E-jp_443b540b7db309c86d2ce1a444a16c80",
      "provider": "provider.cloudflare",
      "instances": [
        {
          "schema_version": 0,
          "attributes_flat": {
            "created_on": "2019-03-08T11:34:40.221991Z",
            "data.%": "0",
            "domain": "smarthr.jp",
            "hostname": "_a8c84229433b1d58185af97e191be56d.smarthr.jp",
            "id": "443b540b7db309c86d2ce1a444a16c80",
            "metadata.%": "3",
            "metadata.auto_added": "false",
            "metadata.managed_by_apps": "false",
            "metadata.managed_by_argo_tunnel": "false",
            "modified_on": "2019-03-08T11:34:40.221991Z",
            "name": "_a8c84229433b1d58185af97e191be56d.smarthr.jp",
            "priority": "0",
            "proxiable": "true",
            "proxied": "false",
            "ttl": "1",
            "type": "CNAME",
            "value": "_71daf99dd13ab372ad5a353dc116cb9b.tljzshvwok.acm-validations.aws",
            "zone_id": "84e0a4b3e2c4524d58f3c86efa49eaa2"
          }
        }
      ]
    },
    {
      "mode": "managed",
      "type": "cloudflare_record",
      "name": "tfer--CNAME_smarthr-002E-jp_862b536aaf1cfeff0e23e6eefafe7cdb",
      "provider": "provider.cloudflare",
      "instances": [
        {
          "schema_version": 0,
          "attributes_flat": {
            "created_on": "2019-03-08T11:34:54.25988Z",
            "data.%": "0",
            "domain": "smarthr.jp",
            "hostname": "*.smarthr.jp",
            "id": "862b536aaf1cfeff0e23e6eefafe7cdb",
            "metadata.%": "3",
            "metadata.auto_added": "false",
            "metadata.managed_by_apps": "false",
            "metadata.managed_by_argo_tunnel": "false",
            "modified_on": "2019-03-08T11:34:54.25988Z",
            "name": "*.smarthr.jp",
            "priority": "0",
            "proxiable": "false",
            "proxied": "false",
            "ttl": "1",
            "type": "CNAME",
            "value": "hanica-prod-app.ap-northeast-1.elasticbeanstalk.com",
            "zone_id": "84e0a4b3e2c4524d58f3c86efa49eaa2"
          }
        }
      ]
    },
    {
      "mode": "managed",
      "type": "cloudflare_record",
      "name": "tfer--CNAME_smarthr-002E-jp_95df383104f4b6647cb17bdd455e3124",
      "provider": "provider.cloudflare",
      "instances": [
        {
          "schema_version": 0,
          "attributes_flat": {
            "created_on": "2019-03-08T11:34:52.716296Z",
            "data.%": "0",
            "domain": "smarthr.jp",
            "hostname": "k1._domainkey.smarthr.jp",
            "id": "95df383104f4b6647cb17bdd455e3124",
            "metadata.%": "3",
            "metadata.auto_added": "false",
            "metadata.managed_by_apps": "false",
            "metadata.managed_by_argo_tunnel": "false",
            "modified_on": "2019-03-08T11:34:52.716296Z",
            "name": "k1._domainkey.smarthr.jp",
            "priority": "0",
            "proxiable": "false",
            "proxied": "false",
            "ttl": "1",
            "type": "CNAME",
            "value": "dkim.mcsv.net",
            "zone_id": "84e0a4b3e2c4524d58f3c86efa49eaa2"
          }
        }
      ]
    },
    {
      "mode": "managed",
      "type": "cloudflare_record",
      "name": "tfer--CNAME_smarthr-002E-jp_a4a50f6669eeb155d8cd34d4352a07bf",
      "provider": "provider.cloudflare",
      "instances": [
        {
          "schema_version": 0,
          "attributes_flat": {
            "created_on": "2019-03-08T11:34:58.986632Z",
            "data.%": "0",
            "domain": "smarthr.jp",
            "hostname": "envy.smarthr.jp",
            "id": "a4a50f6669eeb155d8cd34d4352a07bf",
            "metadata.%": "3",
            "metadata.auto_added": "false",
            "metadata.managed_by_apps": "false",
            "metadata.managed_by_argo_tunnel": "false",
            "modified_on": "2019-03-08T11:34:58.986632Z",
            "name": "envy.smarthr.jp",
            "priority": "0",
            "proxiable": "true",
            "proxied": "false",
            "ttl": "1",
            "type": "CNAME",
            "value": "envy.smarthr.jp.herokudns.com",
            "zone_id": "84e0a4b3e2c4524d58f3c86efa49eaa2"
          }
        }
      ]
    },
    {
      "mode": "managed",
      "type": "cloudflare_record",
      "name": "tfer--CNAME_smarthr-002E-jp_b1ca2d0f7e38ad5c2ea11a1a5ba3d38d",
      "provider": "provider.cloudflare",
      "instances": [
        {
          "schema_version": 0,
          "attributes_flat": {
            "created_on": "2019-03-08T11:34:46.965737Z",
            "data.%": "0",
            "domain": "smarthr.jp",
            "hostname": "intercom._domainkey.smarthr.jp",
            "id": "b1ca2d0f7e38ad5c2ea11a1a5ba3d38d",
            "metadata.%": "3",
            "metadata.auto_added": "false",
            "metadata.managed_by_apps": "false",
            "metadata.managed_by_argo_tunnel": "false",
            "modified_on": "2019-03-08T11:34:46.965737Z",
            "name": "intercom._domainkey.smarthr.jp",
            "priority": "0",
            "proxiable": "false",
            "proxied": "false",
            "ttl": "1",
            "type": "CNAME",
            "value": "a997f72a-4d4a-4fde-bef1-95bbd6b6c643.dkim.intercom.io",
            "zone_id": "84e0a4b3e2c4524d58f3c86efa49eaa2"
          }
        }
      ]
    },
    {
      "mode": "managed",
      "type": "cloudflare_record",
      "name": "tfer--CNAME_smarthr-002E-jp_bc4fcae0833e107875e07af818906b17",
      "provider": "provider.cloudflare",
      "instances": [
        {
          "schema_version": 0,
          "attributes_flat": {
            "created_on": "2019-03-08T11:34:54.076627Z",
            "data.%": "0",
            "domain": "smarthr.jp",
            "hostname": "developer.smarthr.jp",
            "id": "bc4fcae0833e107875e07af818906b17",
            "metadata.%": "3",
            "metadata.auto_added": "false",
            "metadata.managed_by_apps": "false",
            "metadata.managed_by_argo_tunnel": "false",
            "modified_on": "2019-03-08T11:34:54.076627Z",
            "name": "developer.smarthr.jp",
            "priority": "0",
            "proxiable": "true",
            "proxied": "false",
            "ttl": "1",
            "type": "CNAME",
            "value": "d1221gzek7j9eo.cloudfront.net",
            "zone_id": "84e0a4b3e2c4524d58f3c86efa49eaa2"
          }
        }
      ]
    },
    {
      "mode": "managed",
      "type": "cloudflare_record",
      "name": "tfer--CNAME_smarthr-002E-jp_c40a9583d0080213e698a0fd77a0b1a0",
      "provider": "provider.cloudflare",
      "instances": [
        {
          "schema_version": 0,
          "attributes_flat": {
            "created_on": "2019-07-12T05:00:19.903131Z",
            "data.%": "0",
            "domain": "smarthr.jp",
            "hostname": "knowledge.smarthr.jp",
            "id": "c40a9583d0080213e698a0fd77a0b1a0",
            "metadata.%": "3",
            "metadata.auto_added": "false",
            "metadata.managed_by_apps": "false",
            "metadata.managed_by_argo_tunnel": "false",
            "modified_on": "2019-07-12T05:00:19.903131Z",
            "name": "knowledge.smarthr.jp",
            "priority": "0",
            "proxiable": "true",
            "proxied": "false",
            "ttl": "1",
            "type": "CNAME",
            "value": "smarthrhelp.zendesk.com",
            "zone_id": "84e0a4b3e2c4524d58f3c86efa49eaa2"
          }
        }
      ]
    },
    {
      "mode": "managed",
      "type": "cloudflare_record",
      "name": "tfer--CNAME_smarthr-002E-jp_d5efdf949d772dfc54738f7f2fb1522e",
      "provider": "provider.cloudflare",
      "instances": [
        {
          "schema_version": 0,
          "attributes_flat": {
            "created_on": "2019-03-08T11:34:52.647395Z",
            "data.%": "0",
            "domain": "smarthr.jp",
            "hostname": "www.smarthr.jp",
            "id": "d5efdf949d772dfc54738f7f2fb1522e",
            "metadata.%": "3",
            "metadata.auto_added": "false",
            "metadata.managed_by_apps": "false",
            "metadata.managed_by_argo_tunnel": "false",
            "modified_on": "2019-03-08T11:34:52.647395Z",
            "name": "www.smarthr.jp",
            "priority": "0",
            "proxiable": "true",
            "proxied": "true",
            "ttl": "1",
            "type": "CNAME",
            "value": "smarthr.jp",
            "zone_id": "84e0a4b3e2c4524d58f3c86efa49eaa2"
          }
        }
      ]
    },
    {
      "mode": "managed",
      "type": "cloudflare_record",
      "name": "tfer--CNAME_smarthr-002E-jp_d7195053af3363e5ac2f244ec18c067f",
      "provider": "provider.cloudflare",
      "instances": [
        {
          "schema_version": 0,
          "attributes_flat": {
            "created_on": "2019-03-08T11:34:53.459506Z",
            "data.%": "0",
            "domain": "smarthr.jp",
            "hostname": "em.smarthr.jp",
            "id": "d7195053af3363e5ac2f244ec18c067f",
            "metadata.%": "3",
            "metadata.auto_added": "false",
            "metadata.managed_by_apps": "false",
            "metadata.managed_by_argo_tunnel": "false",
            "modified_on": "2019-03-08T11:34:53.459506Z",
            "name": "em.smarthr.jp",
            "priority": "0",
            "proxiable": "false",
            "proxied": "false",
            "ttl": "1",
            "type": "CNAME",
            "value": "u2787976.wl227.sendgrid.net",
            "zone_id": "84e0a4b3e2c4524d58f3c86efa49eaa2"
          }
        }
      ]
    },
    {
      "mode": "managed",
      "type": "cloudflare_record",
      "name": "tfer--CNAME_smarthr-002E-jp_e303c7c59eee97eca4f8c5c720398cc5",
      "provider": "provider.cloudflare",
      "instances": [
        {
          "schema_version": 0,
          "attributes_flat": {
            "created_on": "2019-03-08T11:34:39.492098Z",
            "data.%": "0",
            "domain": "smarthr.jp",
            "hostname": "payment.smarthr.jp",
            "id": "e303c7c59eee97eca4f8c5c720398cc5",
            "metadata.%": "3",
            "metadata.auto_added": "false",
            "metadata.managed_by_apps": "false",
            "metadata.managed_by_argo_tunnel": "false",
            "modified_on": "2019-03-08T11:34:39.492098Z",
            "name": "payment.smarthr.jp",
            "priority": "0",
            "proxiable": "true",
            "proxied": "false",
            "ttl": "1",
            "type": "CNAME",
            "value": "payment.smarthr.jp.herokudns.com",
            "zone_id": "84e0a4b3e2c4524d58f3c86efa49eaa2"
          }
        }
      ]
    },
    {
      "mode": "managed",
      "type": "cloudflare_record",
      "name": "tfer--CNAME_smarthr-002E-jp_f06ff6c65cfcf8166ab78d7cae0c8b4a",
      "provider": "provider.cloudflare",
      "instances": [
        {
          "schema_version": 0,
          "attributes_flat": {
            "created_on": "2019-03-08T11:34:47.465682Z",
            "data.%": "0",
            "domain": "smarthr.jp",
            "hostname": "s2._domainkey.smarthr.jp",
            "id": "f06ff6c65cfcf8166ab78d7cae0c8b4a",
            "metadata.%": "3",
            "metadata.auto_added": "false",
            "metadata.managed_by_apps": "false",
            "metadata.managed_by_argo_tunnel": "false",
            "modified_on": "2019-03-08T11:34:47.465682Z",
            "name": "s2._domainkey.smarthr.jp",
            "priority": "0",
            "proxiable": "false",
            "proxied": "false",
            "ttl": "1",
            "type": "CNAME",
            "value": "s2.domainkey.u2787976.wl227.sendgrid.net",
            "zone_id": "84e0a4b3e2c4524d58f3c86efa49eaa2"
          }
        }
      ]
    },
    {
      "mode": "managed",
      "type": "cloudflare_record",
      "name": "tfer--CNAME_smarthr-002E-jp_fc48c42f8b124c7bf9eb59df1783cd7c",
      "provider": "provider.cloudflare",
      "instances": [
        {
          "schema_version": 0,
          "attributes_flat": {
            "created_on": "2019-03-08T11:34:39.974802Z",
            "data.%": "0",
            "domain": "smarthr.jp",
            "hostname": "s1._domainkey.smarthr.jp",
            "id": "fc48c42f8b124c7bf9eb59df1783cd7c",
            "metadata.%": "3",
            "metadata.auto_added": "false",
            "metadata.managed_by_apps": "false",
            "metadata.managed_by_argo_tunnel": "false",
            "modified_on": "2019-03-08T11:34:39.974802Z",
            "name": "s1._domainkey.smarthr.jp",
            "priority": "0",
            "proxiable": "false",
            "proxied": "false",
            "ttl": "1",
            "type": "CNAME",
            "value": "s1.domainkey.u2787976.wl227.sendgrid.net",
            "zone_id": "84e0a4b3e2c4524d58f3c86efa49eaa2"
          }
        }
      ]
    },
    {
      "mode": "managed",
      "type": "cloudflare_record",
      "name": "tfer--MX_smarthr-002E-co-002E-jp_03aa69201dfbeafadf039519977369bf",
      "provider": "provider.cloudflare",
      "instances": [
        {
          "schema_version": 0,
          "attributes_flat": {
            "created_on": "2019-04-28T05:56:44.696066Z",
            "data.%": "0",
            "domain": "smarthr.co.jp",
            "hostname": "smarthr.co.jp",
            "id": "03aa69201dfbeafadf039519977369bf",
            "metadata.%": "3",
            "metadata.auto_added": "true",
            "metadata.managed_by_apps": "false",
            "metadata.managed_by_argo_tunnel": "false",
            "modified_on": "2019-04-28T05:56:44.696066Z",
            "name": "smarthr.co.jp",
            "priority": "10",
            "proxiable": "false",
            "proxied": "false",
            "ttl": "1",
            "type": "MX",
            "value": "aspmx2.googlemail.com",
            "zone_id": "a930f988bc780d3f9aa71c778da98d00"
          }
        }
      ]
    },
    {
      "mode": "managed",
      "type": "cloudflare_record",
      "name": "tfer--MX_smarthr-002E-co-002E-jp_1258e07c7679cb9c062a641d26b56fbe",
      "provider": "provider.cloudflare",
      "instances": [
        {
          "schema_version": 0,
          "attributes_flat": {
            "created_on": "2019-04-28T05:56:44.685784Z",
            "data.%": "0",
            "domain": "smarthr.co.jp",
            "hostname": "smarthr.co.jp",
            "id": "1258e07c7679cb9c062a641d26b56fbe",
            "metadata.%": "3",
            "metadata.auto_added": "true",
            "metadata.managed_by_apps": "false",
            "metadata.managed_by_argo_tunnel": "false",
            "modified_on": "2019-04-28T05:56:44.685784Z",
            "name": "smarthr.co.jp",
            "priority": "1",
            "proxiable": "false",
            "proxied": "false",
            "ttl": "1",
            "type": "MX",
            "value": "aspmx.l.google.com",
            "zone_id": "a930f988bc780d3f9aa71c778da98d00"
          }
        }
      ]
    },
    {
      "mode": "managed",
      "type": "cloudflare_record",
      "name": "tfer--MX_smarthr-002E-co-002E-jp_71fac2cb8a6662db8fdce47d2de7ac64",
      "provider": "provider.cloudflare",
      "instances": [
        {
          "schema_version": 0,
          "attributes_flat": {
            "created_on": "2019-04-28T05:56:44.719464Z",
            "data.%": "0",
            "domain": "smarthr.co.jp",
            "hostname": "smarthr.co.jp",
            "id": "71fac2cb8a6662db8fdce47d2de7ac64",
            "metadata.%": "3",
            "metadata.auto_added": "true",
            "metadata.managed_by_apps": "false",
            "metadata.managed_by_argo_tunnel": "false",
            "modified_on": "2019-04-28T05:56:44.719464Z",
            "name": "smarthr.co.jp",
            "priority": "5",
            "proxiable": "false",
            "proxied": "false",
            "ttl": "1",
            "type": "MX",
            "value": "alt1.aspmx.l.google.com",
            "zone_id": "a930f988bc780d3f9aa71c778da98d00"
          }
        }
      ]
    },
    {
      "mode": "managed",
      "type": "cloudflare_record",
      "name": "tfer--MX_smarthr-002E-co-002E-jp_7d9762cb60d6a389556745e0b02bbc1d",
      "provider": "provider.cloudflare",
      "instances": [
        {
          "schema_version": 0,
          "attributes_flat": {
            "created_on": "2019-04-28T05:56:44.708074Z",
            "data.%": "0",
            "domain": "smarthr.co.jp",
            "hostname": "smarthr.co.jp",
            "id": "7d9762cb60d6a389556745e0b02bbc1d",
            "metadata.%": "3",
            "metadata.auto_added": "true",
            "metadata.managed_by_apps": "false",
            "metadata.managed_by_argo_tunnel": "false",
            "modified_on": "2019-04-28T05:56:44.708074Z",
            "name": "smarthr.co.jp",
            "priority": "10",
            "proxiable": "false",
            "proxied": "false",
            "ttl": "1",
            "type": "MX",
            "value": "aspmx3.googlemail.com",
            "zone_id": "a930f988bc780d3f9aa71c778da98d00"
          }
        }
      ]
    },
    {
      "mode": "managed",
      "type": "cloudflare_record",
      "name": "tfer--MX_smarthr-002E-co-002E-jp_a39c27dff54a88a0427cd09c880396fb",
      "provider": "provider.cloudflare",
      "instances": [
        {
          "schema_version": 0,
          "attributes_flat": {
            "created_on": "2019-04-28T05:56:44.732091Z",
            "data.%": "0",
            "domain": "smarthr.co.jp",
            "hostname": "smarthr.co.jp",
            "id": "a39c27dff54a88a0427cd09c880396fb",
            "metadata.%": "3",
            "metadata.auto_added": "true",
            "metadata.managed_by_apps": "false",
            "metadata.managed_by_argo_tunnel": "false",
            "modified_on": "2019-04-28T05:56:44.732091Z",
            "name": "smarthr.co.jp",
            "priority": "5",
            "proxiable": "false",
            "proxied": "false",
            "ttl": "1",
            "type": "MX",
            "value": "alt2.aspmx.l.google.com",
            "zone_id": "a930f988bc780d3f9aa71c778da98d00"
          }
        }
      ]
    },
    {
      "mode": "managed",
      "type": "cloudflare_record",
      "name": "tfer--MX_smarthr-002E-jp_1d2ac66e8292f102eebff57d520ff143",
      "provider": "provider.cloudflare",
      "instances": [
        {
          "schema_version": 0,
          "attributes_flat": {
            "created_on": "2019-03-08T11:34:40.460279Z",
            "data.%": "0",
            "domain": "smarthr.jp",
            "hostname": "cs.smarthr.jp",
            "id": "1d2ac66e8292f102eebff57d520ff143",
            "metadata.%": "3",
            "metadata.auto_added": "false",
            "metadata.managed_by_apps": "false",
            "metadata.managed_by_argo_tunnel": "false",
            "modified_on": "2019-03-08T11:34:40.460279Z",
            "name": "cs.smarthr.jp",
            "priority": "10",
            "proxiable": "false",
            "proxied": "false",
            "ttl": "1",
            "type": "MX",
            "value": "mxb.mailgun.org",
            "zone_id": "84e0a4b3e2c4524d58f3c86efa49eaa2"
          }
        }
      ]
    },
    {
      "mode": "managed",
      "type": "cloudflare_record",
      "name": "tfer--MX_smarthr-002E-jp_24ae5d0ba40d385cc8ce8cb40f9ce54e",
      "provider": "provider.cloudflare",
      "instances": [
        {
          "schema_version": 0,
          "attributes_flat": {
            "created_on": "2019-03-08T11:34:54.712819Z",
            "data.%": "0",
            "domain": "smarthr.jp",
            "hostname": "smarthr.jp",
            "id": "24ae5d0ba40d385cc8ce8cb40f9ce54e",
            "metadata.%": "3",
            "metadata.auto_added": "false",
            "metadata.managed_by_apps": "false",
            "metadata.managed_by_argo_tunnel": "false",
            "modified_on": "2019-03-08T11:34:54.712819Z",
            "name": "smarthr.jp",
            "priority": "5",
            "proxiable": "false",
            "proxied": "false",
            "ttl": "1",
            "type": "MX",
            "value": "alt2.aspmx.l.google.com",
            "zone_id": "84e0a4b3e2c4524d58f3c86efa49eaa2"
          }
        }
      ]
    },
    {
      "mode": "managed",
      "type": "cloudflare_record",
      "name": "tfer--MX_smarthr-002E-jp_2f87bfad05062e55f0bbec027dfba381",
      "provider": "provider.cloudflare",
      "instances": [
        {
          "schema_version": 0,
          "attributes_flat": {
            "created_on": "2019-03-08T11:34:39.705751Z",
            "data.%": "0",
            "domain": "smarthr.jp",
            "hostname": "smarthr.jp",
            "id": "2f87bfad05062e55f0bbec027dfba381",
            "metadata.%": "3",
            "metadata.auto_added": "false",
            "metadata.managed_by_apps": "false",
            "metadata.managed_by_argo_tunnel": "false",
            "modified_on": "2019-03-08T11:34:39.705751Z",
            "name": "smarthr.jp",
            "priority": "10",
            "proxiable": "false",
            "proxied": "false",
            "ttl": "1",
            "type": "MX",
            "value": "alt3.aspmx.l.google.com",
            "zone_id": "84e0a4b3e2c4524d58f3c86efa49eaa2"
          }
        }
      ]
    },
    {
      "mode": "managed",
      "type": "cloudflare_record",
      "name": "tfer--MX_smarthr-002E-jp_48ff175c987278ef929c0090c2025ed4",
      "provider": "provider.cloudflare",
      "instances": [
        {
          "schema_version": 0,
          "attributes_flat": {
            "created_on": "2019-03-08T11:34:55.457933Z",
            "data.%": "0",
            "domain": "smarthr.jp",
            "hostname": "smarthr.jp",
            "id": "48ff175c987278ef929c0090c2025ed4",
            "metadata.%": "3",
            "metadata.auto_added": "false",
            "metadata.managed_by_apps": "false",
            "metadata.managed_by_argo_tunnel": "false",
            "modified_on": "2019-03-08T11:34:55.457933Z",
            "name": "smarthr.jp",
            "priority": "5",
            "proxiable": "false",
            "proxied": "false",
            "ttl": "1",
            "type": "MX",
            "value": "alt1.aspmx.l.google.com",
            "zone_id": "84e0a4b3e2c4524d58f3c86efa49eaa2"
          }
        }
      ]
    },
    {
      "mode": "managed",
      "type": "cloudflare_record",
      "name": "tfer--MX_smarthr-002E-jp_546f48ef7461bbb51fbff6e6e0c05b42",
      "provider": "provider.cloudflare",
      "instances": [
        {
          "schema_version": 0,
          "attributes_flat": {
            "created_on": "2019-03-08T11:34:38.949994Z",
            "data.%": "0",
            "domain": "smarthr.jp",
            "hostname": "cs.smarthr.jp",
            "id": "546f48ef7461bbb51fbff6e6e0c05b42",
            "metadata.%": "3",
            "metadata.auto_added": "false",
            "metadata.managed_by_apps": "false",
            "metadata.managed_by_argo_tunnel": "false",
            "modified_on": "2019-03-08T11:34:38.949994Z",
            "name": "cs.smarthr.jp",
            "priority": "10",
            "proxiable": "false",
            "proxied": "false",
            "ttl": "1",
            "type": "MX",
            "value": "mxa.mailgun.org",
            "zone_id": "84e0a4b3e2c4524d58f3c86efa49eaa2"
          }
        }
      ]
    },
    {
      "mode": "managed",
      "type": "cloudflare_record",
      "name": "tfer--MX_smarthr-002E-jp_a7ddeff62cf8f84df7a9e327de9b5325",
      "provider": "provider.cloudflare",
      "instances": [
        {
          "schema_version": 0,
          "attributes_flat": {
            "created_on": "2019-03-08T11:34:46.463457Z",
            "data.%": "0",
            "domain": "smarthr.jp",
            "hostname": "smarthr.jp",
            "id": "a7ddeff62cf8f84df7a9e327de9b5325",
            "metadata.%": "3",
            "metadata.auto_added": "false",
            "metadata.managed_by_apps": "false",
            "metadata.managed_by_argo_tunnel": "false",
            "modified_on": "2019-03-08T11:34:46.463457Z",
            "name": "smarthr.jp",
            "priority": "10",
            "proxiable": "false",
            "proxied": "false",
            "ttl": "1",
            "type": "MX",
            "value": "alt4.aspmx.l.google.com",
            "zone_id": "84e0a4b3e2c4524d58f3c86efa49eaa2"
          }
        }
      ]
    },
    {
      "mode": "managed",
      "type": "cloudflare_record",
      "name": "tfer--MX_smarthr-002E-jp_d8525de4351afb954d85003c64d5bd7f",
      "provider": "provider.cloudflare",
      "instances": [
        {
          "schema_version": 0,
          "attributes_flat": {
            "created_on": "2019-03-08T11:34:53.699926Z",
            "data.%": "0",
            "domain": "smarthr.jp",
            "hostname": "smarthr.jp",
            "id": "d8525de4351afb954d85003c64d5bd7f",
            "metadata.%": "3",
            "metadata.auto_added": "false",
            "metadata.managed_by_apps": "false",
            "metadata.managed_by_argo_tunnel": "false",
            "modified_on": "2019-03-08T11:34:53.699926Z",
            "name": "smarthr.jp",
            "priority": "1",
            "proxiable": "false",
            "proxied": "false",
            "ttl": "1",
            "type": "MX",
            "value": "aspmx.l.google.com",
            "zone_id": "84e0a4b3e2c4524d58f3c86efa49eaa2"
          }
        }
      ]
    },
    {
      "mode": "managed",
      "type": "cloudflare_record",
      "name": "tfer--SRV_smarthr-002E-co-002E-jp_745d2bfacb3e2992b550ec7ed0fdafca",
      "provider": "provider.cloudflare",
      "instances": [
        {
          "schema_version": 0,
          "attributes_flat": {
            "created_on": "2019-09-25T06:07:33.701107Z",
            "data.%": "7",
            "data.name": "smarthr.co.jp",
            "data.port": "5061",
            "data.priority": "100",
            "data.proto": "_tcp",
            "data.service": "_sipfederationtls",
            "data.target": "sipfed.online.lync.com",
            "data.weight": "1",
            "domain": "smarthr.co.jp",
            "hostname": "_sipfederationtls._tcp.smarthr.co.jp",
            "id": "745d2bfacb3e2992b550ec7ed0fdafca",
            "metadata.%": "3",
            "metadata.auto_added": "false",
            "metadata.managed_by_apps": "false",
            "metadata.managed_by_argo_tunnel": "false",
            "modified_on": "2019-09-25T06:07:33.701107Z",
            "name": "_sipfederationtls._tcp.smarthr.co.jp",
            "priority": "100",
            "proxiable": "false",
            "proxied": "false",
            "ttl": "3600",
            "type": "SRV",
            "zone_id": "a930f988bc780d3f9aa71c778da98d00"
          }
        }
      ]
    },
    {
      "mode": "managed",
      "type": "cloudflare_record",
      "name": "tfer--SRV_smarthr-002E-co-002E-jp_f0d435d7aab2dbb0a75a0479fdd2323c",
      "provider": "provider.cloudflare",
      "instances": [
        {
          "schema_version": 0,
          "attributes_flat": {
            "created_on": "2019-09-25T06:06:42.886167Z",
            "data.%": "7",
            "data.name": "smarthr.co.jp",
            "data.port": "443",
            "data.priority": "100",
            "data.proto": "_tls",
            "data.service": "_sip",
            "data.target": "sipdir.online.lync.com",
            "data.weight": "1",
            "domain": "smarthr.co.jp",
            "hostname": "_sip._tls.smarthr.co.jp",
            "id": "f0d435d7aab2dbb0a75a0479fdd2323c",
            "metadata.%": "3",
            "metadata.auto_added": "false",
            "metadata.managed_by_apps": "false",
            "metadata.managed_by_argo_tunnel": "false",
            "modified_on": "2019-09-25T06:06:42.886167Z",
            "name": "_sip._tls.smarthr.co.jp",
            "priority": "100",
            "proxiable": "false",
            "proxied": "false",
            "ttl": "3600",
            "type": "SRV",
            "zone_id": "a930f988bc780d3f9aa71c778da98d00"
          }
        }
      ]
    },
    {
      "mode": "managed",
      "type": "cloudflare_record",
      "name": "tfer--TXT_smarthr-002E-co-002E-jp_3534e99368aa2718d56ca8bd5c1684a0",
      "provider": "provider.cloudflare",
      "instances": [
        {
          "schema_version": 0,
          "attributes_flat": {
            "created_on": "2019-06-12T05:10:31.112779Z",
            "data.%": "0",
            "domain": "smarthr.co.jp",
            "hostname": "smarthr._domainkey.smarthr.co.jp",
            "id": "3534e99368aa2718d56ca8bd5c1684a0",
            "metadata.%": "3",
            "metadata.auto_added": "false",
            "metadata.managed_by_apps": "false",
            "metadata.managed_by_argo_tunnel": "false",
            "modified_on": "2019-06-12T05:10:31.112779Z",
            "name": "smarthr._domainkey.smarthr.co.jp",
            "priority": "0",
            "proxiable": "false",
            "proxied": "false",
            "ttl": "1",
            "type": "TXT",
            "value": "v=DKIM1; k=rsa; p=MIGfMA0GCSqGSIb3DQEBAQUAA4GNADCBiQKBgQCGcE5c0ONsa0UmTRPIfP7HBESaDlgHIyXN4oM+9uCZzno2yPCoVepu+zT9JOLV0aXYhzHvPF5xJ6i7sAfZQpksHEuWL9AAl8MYIgjdbZ3VstV6BrvgOn9xyI+Q/GOousK5nqOTaq/KPoehcm/itBYb0lt8giw5VTtKonUX1hhwRwIDAQAB",
            "zone_id": "a930f988bc780d3f9aa71c778da98d00"
          }
        }
      ]
    },
    {
      "mode": "managed",
      "type": "cloudflare_record",
      "name": "tfer--TXT_smarthr-002E-co-002E-jp_3b8c02160c5806c3e7b514e0ffa793ef",
      "provider": "provider.cloudflare",
      "instances": [
        {
          "schema_version": 0,
          "attributes_flat": {
            "created_on": "2019-04-28T05:59:24.016155Z",
            "data.%": "0",
            "domain": "smarthr.co.jp",
            "hostname": "shanaiho.smarthr.co.jp",
            "id": "3b8c02160c5806c3e7b514e0ffa793ef",
            "metadata.%": "3",
            "metadata.auto_added": "false",
            "metadata.managed_by_apps": "false",
            "metadata.managed_by_argo_tunnel": "false",
            "modified_on": "2019-04-28T05:59:24.016155Z",
            "name": "shanaiho.smarthr.co.jp",
            "priority": "0",
            "proxiable": "false",
            "proxied": "false",
            "ttl": "1",
            "type": "TXT",
            "value": "google-site-verification=9YVgt1_sROulOo5R7J2THaE07u4r2lsssr9gCkffcLI",
            "zone_id": "a930f988bc780d3f9aa71c778da98d00"
          }
        }
      ]
    },
    {
      "mode": "managed",
      "type": "cloudflare_record",
      "name": "tfer--TXT_smarthr-002E-co-002E-jp_51bb987b84bdcdaf3a28f00a97211c83",
      "provider": "provider.cloudflare",
      "instances": [
        {
          "schema_version": 0,
          "attributes_flat": {
            "created_on": "2019-04-28T05:56:44.662452Z",
            "data.%": "0",
            "domain": "smarthr.co.jp",
            "hostname": "smarthr.co.jp",
            "id": "51bb987b84bdcdaf3a28f00a97211c83",
            "metadata.%": "3",
            "metadata.auto_added": "true",
            "metadata.managed_by_apps": "false",
            "metadata.managed_by_argo_tunnel": "false",
            "modified_on": "2019-04-28T05:56:44.662452Z",
            "name": "smarthr.co.jp",
            "priority": "0",
            "proxiable": "false",
            "proxied": "false",
            "ttl": "1",
            "type": "TXT",
            "value": "google-site-verification=xjPWNP88eZtrZ9uPTEPF7DjzT_ITudjnC3PfpnlYJh8",
            "zone_id": "a930f988bc780d3f9aa71c778da98d00"
          }
        }
      ]
    },
    {
      "mode": "managed",
      "type": "cloudflare_record",
      "name": "tfer--TXT_smarthr-002E-co-002E-jp_591a1ac1704a07c29571fdfa6a5ab7a0",
      "provider": "provider.cloudflare",
      "instances": [
        {
          "schema_version": 0,
          "attributes_flat": {
            "created_on": "2019-08-22T02:24:37.64705Z",
            "data.%": "0",
            "domain": "smarthr.co.jp",
            "hostname": "zendeskverification.smarthr.co.jp",
            "id": "591a1ac1704a07c29571fdfa6a5ab7a0",
            "metadata.%": "3",
            "metadata.auto_added": "false",
            "metadata.managed_by_apps": "false",
            "metadata.managed_by_argo_tunnel": "false",
            "modified_on": "2019-08-22T02:24:37.64705Z",
            "name": "zendeskverification.smarthr.co.jp",
            "priority": "0",
            "proxiable": "false",
            "proxied": "false",
            "ttl": "1",
            "type": "TXT",
            "value": "b476494abd22bf62",
            "zone_id": "a930f988bc780d3f9aa71c778da98d00"
          }
        }
      ]
    },
    {
      "mode": "managed",
      "type": "cloudflare_record",
      "name": "tfer--TXT_smarthr-002E-co-002E-jp_6baf82ab757d4e55b19ab6a34a9915f2",
      "provider": "provider.cloudflare",
      "instances": [
        {
          "schema_version": 1,
          "attributes": {
            "created_on": "2020-01-21T02:14:53.49765Z",
            "data": {},
            "domain": "smarthr.co.jp",
            "hostname": "google._domainkey.smarthr.co.jp",
            "id": "6baf82ab757d4e55b19ab6a34a9915f2",
            "metadata": {
              "auto_added": "false",
              "managed_by_apps": "false",
              "managed_by_argo_tunnel": "false",
              "source": "primary"
            },
            "modified_on": "2020-01-21T02:14:53.49765Z",
            "name": "google._domainkey",
            "priority": 0,
            "proxiable": false,
            "proxied": false,
            "ttl": 1,
            "type": "TXT",
            "value": "v=DKIM1; k=rsa; p=MIIBIjANBgkqhkiG9w0BAQEFAAOCAQ8AMIIBCgKCAQEAp7H1KmpNLoCrB9oqhjcoT1y700xIp6FmkrI4txSgthLvgdqoW1nvlpGd6g34WnYAhArrC9JeoGn1++aJf5TO4Tw/QgXkPhsI/HobA5IrzM+Jsfo/hfQhndLHlj886ONU2uMe5LTxM/WT6+wu2EKacYlOb34zRjDOI4UzBHFYKXAbAXSSHblwhnS2X/M0PZRfg3szx5iodEDnTcfhZ6d+A32gTl0Ju4TD02oPdLFNzaTu6PBAuFq4id2NTHJniqrtXfy/ey/UX6O1vuxgrQLwAdqNhldIDnAFbKEjH/mY1X4oS8U7V9dEjphP0WOUKs6CofkLJT7QJXLZgJfyzuW/owIDAQAB",
            "zone_id": "a930f988bc780d3f9aa71c778da98d00"
          },
          "private": "eyJzY2hlbWFfdmVyc2lvbiI6IjEifQ=="
        }
      ]
    },
    {
      "mode": "managed",
      "type": "cloudflare_record",
      "name": "tfer--TXT_smarthr-002E-co-002E-jp_6e9eff13ae02f18a9d81e5db3c6bbb29",
      "provider": "provider.cloudflare",
      "instances": [
        {
          "schema_version": 0,
          "attributes_flat": {
            "created_on": "2019-04-28T05:59:50.518277Z",
            "data.%": "0",
            "domain": "smarthr.co.jp",
            "hostname": "_github-challenge-kufu.smarthr.co.jp",
            "id": "6e9eff13ae02f18a9d81e5db3c6bbb29",
            "metadata.%": "3",
            "metadata.auto_added": "false",
            "metadata.managed_by_apps": "false",
            "metadata.managed_by_argo_tunnel": "false",
            "modified_on": "2019-04-28T05:59:50.518277Z",
            "name": "_github-challenge-kufu.smarthr.co.jp",
            "priority": "0",
            "proxiable": "false",
            "proxied": "false",
            "ttl": "1",
            "type": "TXT",
            "value": "bda7bbf6a2",
            "zone_id": "a930f988bc780d3f9aa71c778da98d00"
          }
        }
      ]
    },
    {
      "mode": "managed",
      "type": "cloudflare_record",
      "name": "tfer--TXT_smarthr-002E-co-002E-jp_7de52bbc2d94b5cbd74234f33e7c4d2c",
      "provider": "provider.cloudflare",
      "instances": [
        {
          "schema_version": 0,
          "attributes_flat": {
            "created_on": "2019-04-28T05:56:44.653153Z",
            "data.%": "0",
            "domain": "smarthr.co.jp",
            "hostname": "smarthr.co.jp",
            "id": "7de52bbc2d94b5cbd74234f33e7c4d2c",
            "metadata.%": "3",
            "metadata.auto_added": "true",
            "metadata.managed_by_apps": "false",
            "metadata.managed_by_argo_tunnel": "false",
            "modified_on": "2019-04-28T05:56:44.653153Z",
            "name": "smarthr.co.jp",
            "priority": "0",
            "proxiable": "false",
            "proxied": "false",
            "ttl": "1",
            "type": "TXT",
            "value": "MS=ms20000937",
            "zone_id": "a930f988bc780d3f9aa71c778da98d00"
          }
        }
      ]
    },
    {
      "mode": "managed",
      "type": "cloudflare_record",
      "name": "tfer--TXT_smarthr-002E-co-002E-jp_85acc24792b028e08fb0550e7cc48e0e",
      "provider": "provider.cloudflare",
      "instances": [
        {
          "schema_version": 0,
          "attributes_flat": {
            "created_on": "2019-08-22T02:07:55.388511Z",
            "data.%": "0",
            "domain": "smarthr.co.jp",
            "hostname": "smarthr.co.jp",
            "id": "85acc24792b028e08fb0550e7cc48e0e",
            "metadata.%": "3",
            "metadata.auto_added": "false",
            "metadata.managed_by_apps": "false",
            "metadata.managed_by_argo_tunnel": "false",
            "modified_on": "2019-08-22T02:07:55.388511Z",
            "name": "smarthr.co.jp",
            "priority": "0",
            "proxiable": "false",
            "proxied": "false",
            "ttl": "1",
            "type": "TXT",
            "value": "v=spf1 include:_spf.google.com include:_spf.salesforce.com include:mail.zendesk.com ~all",
            "zone_id": "a930f988bc780d3f9aa71c778da98d00"
          }
        }
      ]
    },
    {
      "mode": "managed",
      "type": "cloudflare_record",
      "name": "tfer--TXT_smarthr-002E-jp_126809a38cf7fdbcb6229e000f99845f",
      "provider": "provider.cloudflare",
      "instances": [
        {
          "schema_version": 0,
          "attributes_flat": {
            "created_on": "2019-03-18T03:08:09.763474Z",
            "data.%": "0",
            "domain": "smarthr.jp",
            "hostname": "smarthr.jp",
            "id": "126809a38cf7fdbcb6229e000f99845f",
            "metadata.%": "3",
            "metadata.auto_added": "false",
            "metadata.managed_by_apps": "false",
            "metadata.managed_by_argo_tunnel": "false",
            "modified_on": "2019-03-18T03:08:09.763474Z",
            "name": "smarthr.jp",
            "priority": "0",
            "proxiable": "false",
            "proxied": "false",
            "ttl": "1",
            "type": "TXT",
            "value": "v=spf1 include:servers.mcsv.net include:mktomail.com include:u2787976.wl227.sendgrid.net mx ip4:64.79.155.0/24 ip4:207.218.90.0/24 -all",
            "zone_id": "84e0a4b3e2c4524d58f3c86efa49eaa2"
          }
        }
      ]
    },
    {
      "mode": "managed",
      "type": "cloudflare_record",
      "name": "tfer--TXT_smarthr-002E-jp_89188fdcf7927334e0e1fbe50d96d6be",
      "provider": "provider.cloudflare",
      "instances": [
        {
          "schema_version": 0,
          "attributes_flat": {
            "created_on": "2019-03-08T11:34:38.805688Z",
            "data.%": "0",
            "domain": "smarthr.jp",
            "hostname": "m1._domainkey.smarthr.jp",
            "id": "89188fdcf7927334e0e1fbe50d96d6be",
            "metadata.%": "3",
            "metadata.auto_added": "false",
            "metadata.managed_by_apps": "false",
            "metadata.managed_by_argo_tunnel": "false",
            "modified_on": "2019-03-08T11:34:38.805688Z",
            "name": "m1._domainkey.smarthr.jp",
            "priority": "0",
            "proxiable": "false",
            "proxied": "false",
            "ttl": "1",
            "type": "TXT",
            "value": "v=DKIM1;k=rsa;p=MIGfMA0GCSqGSIb3DQEBAQUAA4GNADCBiQKBgQCUMniujh1X0S0c0Ujf/UyACMkvQfkrBpN7vlonzPEbk12T4U83swCaqeKiHWJoLfnHzWc/Gyoaazd2Fo2yZBs/ximtqmVFLbTs2Sn5e4Q2CB1STc2dJYR1J9q6Wo+Hk9dXooZB/j1GFsg1lJlOajzLyrmNRiFg8G2VUZLWYtaJPQIDAQAB",
            "zone_id": "84e0a4b3e2c4524d58f3c86efa49eaa2"
          }
        }
      ]
    },
    {
      "mode": "managed",
      "type": "cloudflare_record",
      "name": "tfer--TXT_smarthr-002E-jp_c3b37bc9970f7a343a3b244baee6553b",
      "provider": "provider.cloudflare",
      "instances": [
        {
          "schema_version": 0,
          "attributes_flat": {
            "created_on": "2019-03-08T11:34:46.701228Z",
            "data.%": "0",
            "domain": "smarthr.jp",
            "hostname": "smarthr.jp",
            "id": "c3b37bc9970f7a343a3b244baee6553b",
            "metadata.%": "3",
            "metadata.auto_added": "false",
            "metadata.managed_by_apps": "false",
            "metadata.managed_by_argo_tunnel": "false",
            "modified_on": "2019-03-08T11:34:46.701228Z",
            "name": "smarthr.jp",
            "priority": "0",
            "proxiable": "false",
            "proxied": "false",
            "ttl": "1",
            "type": "TXT",
            "value": "google-site-verification=H_4Xzz8vDzjNoCyuJyo5EmkAOTTt-E5Hg3BULxNnzMQ",
            "zone_id": "84e0a4b3e2c4524d58f3c86efa49eaa2"
          }
        }
      ]
    },
    {
      "mode": "managed",
      "type": "cloudflare_zone",
      "name": "tfer--smarthr-002E-co-002E-jp",
      "provider": "provider.cloudflare",
      "instances": [
        {
          "schema_version": 0,
          "attributes_flat": {
            "id": "a930f988bc780d3f9aa71c778da98d00",
            "meta.%": "2",
            "meta.phishing_detected": "false",
            "meta.wildcard_proxiable": "false",
            "name_servers.#": "2",
            "name_servers.0": "bella.ns.cloudflare.com",
            "name_servers.1": "guy.ns.cloudflare.com",
            "paused": "false",
            "plan": "business",
            "status": "active",
            "type": "full",
            "vanity_name_servers.#": "0",
            "zone": "smarthr.co.jp"
          }
        }
      ]
    },
    {
      "mode": "managed",
      "type": "cloudflare_zone",
      "name": "tfer--smarthr-002E-jp",
      "provider": "provider.cloudflare",
      "instances": [
        {
          "schema_version": 0,
          "attributes_flat": {
            "id": "84e0a4b3e2c4524d58f3c86efa49eaa2",
            "meta.%": "2",
            "meta.phishing_detected": "false",
            "meta.wildcard_proxiable": "false",
            "name_servers.#": "2",
            "name_servers.0": "bella.ns.cloudflare.com",
            "name_servers.1": "guy.ns.cloudflare.com",
            "paused": "false",
            "plan": "business",
            "status": "active",
            "type": "full",
            "vanity_name_servers.#": "0",
            "zone": "smarthr.jp"
          }
        }
      ]
    },
    {
      "mode": "managed",
      "type": "cloudflare_zone",
      "name": "tfer--staging-002D-smarthr-002D-lp-002E-com",
      "provider": "provider.cloudflare",
      "instances": [
        {
          "schema_version": 0,
          "attributes_flat": {
            "id": "bad08f44168e5eb55cf960d1757f2fa0",
            "meta.%": "2",
            "meta.phishing_detected": "false",
            "meta.wildcard_proxiable": "false",
            "name_servers.#": "2",
            "name_servers.0": "bella.ns.cloudflare.com",
            "name_servers.1": "guy.ns.cloudflare.com",
            "paused": "false",
            "plan": "free",
            "status": "active",
            "type": "full",
            "vanity_name_servers.#": "0",
            "zone": "staging-smarthr-lp.com"
          }
        }
      ]
    }
  ]
}
